
Microsoft Visual Studio Solution File, Format Version 12.00
# Visual Studio Version 17
VisualStudioVersion = 17.10.35122.118
MinimumVisualStudioVersion = 10.0.40219.1
Project("{FAE04EC0-301F-11D3-BF4B-00C04F79EFBC}") = "Assignment", "Assignment\Assignment.csproj", "{8B34CD9A-A17B-4999-842E-950AD54480FC}"
EndProject
Global
	GlobalSection(SolutionConfigurationPlatforms) = preSolution
		Debug|Any CPU = Debug|Any CPU
		Release|Any CPU = Release|Any CPU
	EndGlobalSection
	GlobalSection(ProjectConfigurationPlatforms) = postSolution
		{8B34CD9A-A17B-4999-842E-950AD54480FC}.Debug|Any CPU.ActiveCfg = Debug|Any CPU
		{8B34CD9A-A17B-4999-842E-950AD54480FC}.Debug|Any CPU.Build.0 = Debug|Any CPU
		{8B34CD9A-A17B-4999-842E-950AD54480FC}.Release|Any CPU.ActiveCfg = Release|Any CPU
		{8B34CD9A-A17B-4999-842E-950AD54480FC}.Release|Any CPU.Build.0 = Release|Any CPU
	EndGlobalSection
	GlobalSection(SolutionProperties) = preSolution
		HideSolutionNode = FALSE
	EndGlobalSection
	GlobalSection(ExtensibilityGlobals) = postSolution
		SolutionGuid = {071427AB-57A6-4684-8C4B-6A79D9D746CD}
	EndGlobalSection
EndGlobal
